// !$*UTF8*$!
{
	archiveVersion = 1;
	classes = {
	};
	objectVersion = 50;
	objects = {

/* Begin PBXBuildFile section */
		76D3FDAD236864CA009E4E23 /* WebView.swift in Sources */ = {isa = PBXBuildFile; fileRef = 76D3FDAC236864CA009E4E23 /* WebView.swift */; };
		76D3FDB2236A90F2009E4E23 /* Data.storyboard in Resources */ = {isa = PBXBuildFile; fileRef = 76D3FDB1236A90F2009E4E23 /* Data.storyboard */; };
		76D3FDB4236A9417009E4E23 /* Scanner.storyboard in Resources */ = {isa = PBXBuildFile; fileRef = 76D3FDB3236A9417009E4E23 /* Scanner.storyboard */; };
		76F2270423681BB7000D3A26 /* CamaraView.swift in Sources */ = {isa = PBXBuildFile; fileRef = 76F2270323681BB7000D3A26 /* CamaraView.swift */; };
		87C2426E2330F3B300D402C8 /* AppDelegate.swift in Sources */ = {isa = PBXBuildFile; fileRef = 87C2426D2330F3B300D402C8 /* AppDelegate.swift */; };
		87C242702330F3B300D402C8 /* ViewController.swift in Sources */ = {isa = PBXBuildFile; fileRef = 87C2426F2330F3B300D402C8 /* ViewController.swift */; };
		87C242732330F3B300D402C8 /* Main.storyboard in Resources */ = {isa = PBXBuildFile; fileRef = 87C242712330F3B300D402C8 /* Main.storyboard */; };
		87C242752330F3B500D402C8 /* Assets.xcassets in Resources */ = {isa = PBXBuildFile; fileRef = 87C242742330F3B500D402C8 /* Assets.xcassets */; };
		87C242782330F3B500D402C8 /* LaunchScreen.storyboard in Resources */ = {isa = PBXBuildFile; fileRef = 87C242762330F3B500D402C8 /* LaunchScreen.storyboard */; };
		87C242832330F3B500D402C8 /* tut2Tests.swift in Sources */ = {isa = PBXBuildFile; fileRef = 87C242822330F3B500D402C8 /* tut2Tests.swift */; };
		87C2428E2330F3B500D402C8 /* tut2UITests.swift in Sources */ = {isa = PBXBuildFile; fileRef = 87C2428D2330F3B500D402C8 /* tut2UITests.swift */; };
/* End PBXBuildFile section */

/* Begin PBXContainerItemProxy section */
		87C2427F2330F3B500D402C8 /* PBXContainerItemProxy */ = {
			isa = PBXContainerItemProxy;
			containerPortal = 87C242622330F3B300D402C8 /* Project object */;
			proxyType = 1;
			remoteGlobalIDString = 87C242692330F3B300D402C8;
			remoteInfo = tut2;
		};
		87C2428A2330F3B500D402C8 /* PBXContainerItemProxy */ = {
			isa = PBXContainerItemProxy;
			containerPortal = 87C242622330F3B300D402C8 /* Project object */;
			proxyType = 1;
			remoteGlobalIDString = 87C242692330F3B300D402C8;
			remoteInfo = tut2;
		};
/* End PBXContainerItemProxy section */

/* Begin PBXFileReference section */
		76D3FDAC236864CA009E4E23 /* WebView.swift */ = {isa = PBXFileReference; lastKnownFileType = sourcecode.swift; path = WebView.swift; sourceTree = "<group>"; };
		76D3FDB1236A90F2009E4E23 /* Data.storyboard */ = {isa = PBXFileReference; fileEncoding = 4; lastKnownFileType = file.storyboard; path = Data.storyboard; sourceTree = SOURCE_ROOT; };
		76D3FDB3236A9417009E4E23 /* Scanner.storyboard */ = {isa = PBXFileReference; fileEncoding = 4; lastKnownFileType = file.storyboard; path = Scanner.storyboard; sourceTree = "<group>"; };
		76F2270323681BB7000D3A26 /* CamaraView.swift */ = {isa = PBXFileReference; lastKnownFileType = sourcecode.swift; path = CamaraView.swift; sourceTree = "<group>"; };
		87C2426A2330F3B300D402C8 /* tut2.app */ = {isa = PBXFileReference; explicitFileType = wrapper.application; includeInIndex = 0; path = tut2.app; sourceTree = BUILT_PRODUCTS_DIR; };
		87C2426D2330F3B300D402C8 /* AppDelegate.swift */ = {isa = PBXFileReference; lastKnownFileType = sourcecode.swift; path = AppDelegate.swift; sourceTree = "<group>"; };
		87C2426F2330F3B300D402C8 /* ViewController.swift */ = {isa = PBXFileReference; lastKnownFileType = sourcecode.swift; path = ViewController.swift; sourceTree = "<group>"; };
		87C242722330F3B300D402C8 /* Base */ = {isa = PBXFileReference; lastKnownFileType = file.storyboard; name = Base; path = Base.lproj/Main.storyboard; sourceTree = "<group>"; };
		87C242742330F3B500D402C8 /* Assets.xcassets */ = {isa = PBXFileReference; lastKnownFileType = folder.assetcatalog; path = Assets.xcassets; sourceTree = "<group>"; };
		87C242772330F3B500D402C8 /* Base */ = {isa = PBXFileReference; lastKnownFileType = file.storyboard; name = Base; path = Base.lproj/LaunchScreen.storyboard; sourceTree = "<group>"; };
		87C242792330F3B500D402C8 /* Info.plist */ = {isa = PBXFileReference; lastKnownFileType = text.plist.xml; path = Info.plist; sourceTree = "<group>"; };
		87C2427E2330F3B500D402C8 /* tut2Tests.xctest */ = {isa = PBXFileReference; explicitFileType = wrapper.cfbundle; includeInIndex = 0; path = tut2Tests.xctest; sourceTree = BUILT_PRODUCTS_DIR; };
		87C242822330F3B500D402C8 /* tut2Tests.swift */ = {isa = PBXFileReference; lastKnownFileType = sourcecode.swift; path = tut2Tests.swift; sourceTree = "<group>"; };
		87C242842330F3B500D402C8 /* Info.plist */ = {isa = PBXFileReference; lastKnownFileType = text.plist.xml; path = Info.plist; sourceTree = "<group>"; };
		87C242892330F3B500D402C8 /* tut2UITests.xctest */ = {isa = PBXFileReference; explicitFileType = wrapper.cfbundle; includeInIndex = 0; path = tut2UITests.xctest; sourceTree = BUILT_PRODUCTS_DIR; };
		87C2428D2330F3B500D402C8 /* tut2UITests.swift */ = {isa = PBXFileReference; lastKnownFileType = sourcecode.swift; path = tut2UITests.swift; sourceTree = "<group>"; };
		87C2428F2330F3B500D402C8 /* Info.plist */ = {isa = PBXFileReference; lastKnownFileType = text.plist.xml; path = Info.plist; sourceTree = "<group>"; };
/* End PBXFileReference section */

/* Begin PBXFrameworksBuildPhase section */
		87C242672330F3B300D402C8 /* Frameworks */ = {
			isa = PBXFrameworksBuildPhase;
			buildActionMask = 2147483647;
			files = (
			);
			runOnlyForDeploymentPostprocessing = 0;
		};
		87C2427B2330F3B500D402C8 /* Frameworks */ = {
			isa = PBXFrameworksBuildPhase;
			buildActionMask = 2147483647;
			files = (
			);
			runOnlyForDeploymentPostprocessing = 0;
		};
		87C242862330F3B500D402C8 /* Frameworks */ = {
			isa = PBXFrameworksBuildPhase;
			buildActionMask = 2147483647;
			files = (
			);
			runOnlyForDeploymentPostprocessing = 0;
		};
/* End PBXFrameworksBuildPhase section */

/* Begin PBXGroup section */
		87C242612330F3B300D402C8 = {
			isa = PBXGroup;
			children = (
				87C2426C2330F3B300D402C8 /* tut2 */,
				87C242812330F3B500D402C8 /* tut2Tests */,
				87C2428C2330F3B500D402C8 /* tut2UITests */,
				87C2426B2330F3B300D402C8 /* Products */,
			);
			sourceTree = "<group>";
		};
		87C2426B2330F3B300D402C8 /* Products */ = {
			isa = PBXGroup;
			children = (
				87C2426A2330F3B300D402C8 /* tut2.app */,
				87C2427E2330F3B500D402C8 /* tut2Tests.xctest */,
				87C242892330F3B500D402C8 /* tut2UITests.xctest */,
			);
			name = Products;
			sourceTree = "<group>";
		};
		87C2426C2330F3B300D402C8 /* tut2 */ = {
			isa = PBXGroup;
			children = (
				76D3FDB3236A9417009E4E23 /* Scanner.storyboard */,
				87C2426D2330F3B300D402C8 /* AppDelegate.swift */,
				87C2426F2330F3B300D402C8 /* ViewController.swift */,
				76D3FDB1236A90F2009E4E23 /* Data.storyboard */,
				87C242712330F3B300D402C8 /* Main.storyboard */,
				87C242742330F3B500D402C8 /* Assets.xcassets */,
				87C242762330F3B500D402C8 /* LaunchScreen.storyboard */,
				87C242792330F3B500D402C8 /* Info.plist */,
				76F2270323681BB7000D3A26 /* CamaraView.swift */,
				76D3FDAC236864CA009E4E23 /* WebView.swift */,
			);
			path = tut2;
			sourceTree = "<group>";
		};
		87C242812330F3B500D402C8 /* tut2Tests */ = {
			isa = PBXGroup;
			children = (
				87C242822330F3B500D402C8 /* tut2Tests.swift */,
				87C242842330F3B500D402C8 /* Info.plist */,
			);
			path = tut2Tests;
			sourceTree = "<group>";
		};
		87C2428C2330F3B500D402C8 /* tut2UITests */ = {
			isa = PBXGroup;
			children = (
				87C2428D2330F3B500D402C8 /* tut2UITests.swift */,
				87C2428F2330F3B500D402C8 /* Info.plist */,
			);
			path = tut2UITests;
			sourceTree = "<group>";
		};
/* End PBXGroup section */

/* Begin PBXNativeTarget section */
		87C242692330F3B300D402C8 /* tut2 */ = {
			isa = PBXNativeTarget;
			buildConfigurationList = 87C242922330F3B500D402C8 /* Build configuration list for PBXNativeTarget "tut2" */;
			buildPhases = (
				87C242662330F3B300D402C8 /* Sources */,
				87C242672330F3B300D402C8 /* Frameworks */,
				87C242682330F3B300D402C8 /* Resources */,
			);
			buildRules = (
			);
			dependencies = (
			);
			name = tut2;
			productName = tut2;
			productReference = 87C2426A2330F3B300D402C8 /* tut2.app */;
			productType = "com.apple.product-type.application";
		};
		87C2427D2330F3B500D402C8 /* tut2Tests */ = {
			isa = PBXNativeTarget;
			buildConfigurationList = 87C242952330F3B500D402C8 /* Build configuration list for PBXNativeTarget "tut2Tests" */;
			buildPhases = (
				87C2427A2330F3B500D402C8 /* Sources */,
				87C2427B2330F3B500D402C8 /* Frameworks */,
				87C2427C2330F3B500D402C8 /* Resources */,
			);
			buildRules = (
			);
			dependencies = (
				87C242802330F3B500D402C8 /* PBXTargetDependency */,
			);
			name = tut2Tests;
			productName = tut2Tests;
			productReference = 87C2427E2330F3B500D402C8 /* tut2Tests.xctest */;
			productType = "com.apple.product-type.bundle.unit-test";
		};
		87C242882330F3B500D402C8 /* tut2UITests */ = {
			isa = PBXNativeTarget;
			buildConfigurationList = 87C242982330F3B500D402C8 /* Build configuration list for PBXNativeTarget "tut2UITests" */;
			buildPhases = (
				87C242852330F3B500D402C8 /* Sources */,
				87C242862330F3B500D402C8 /* Frameworks */,
				87C242872330F3B500D402C8 /* Resources */,
			);
			buildRules = (
			);
			dependencies = (
				87C2428B2330F3B500D402C8 /* PBXTargetDependency */,
			);
			name = tut2UITests;
			productName = tut2UITests;
			productReference = 87C242892330F3B500D402C8 /* tut2UITests.xctest */;
			productType = "com.apple.product-type.bundle.ui-testing";
		};
/* End PBXNativeTarget section */

/* Begin PBXProject section */
		87C242622330F3B300D402C8 /* Project object */ = {
			isa = PBXProject;
			attributes = {
				LastSwiftUpdateCheck = 1030;
				LastUpgradeCheck = 1030;
				ORGANIZATIONNAME = KooKi;
				TargetAttributes = {
					87C242692330F3B300D402C8 = {
						CreatedOnToolsVersion = 10.3;
					};
					87C2427D2330F3B500D402C8 = {
						CreatedOnToolsVersion = 10.3;
						TestTargetID = 87C242692330F3B300D402C8;
					};
					87C242882330F3B500D402C8 = {
						CreatedOnToolsVersion = 10.3;
						TestTargetID = 87C242692330F3B300D402C8;
					};
				};
			};
			buildConfigurationList = 87C242652330F3B300D402C8 /* Build configuration list for PBXProject "tut2" */;
			compatibilityVersion = "Xcode 9.3";
			developmentRegion = en;
			hasScannedForEncodings = 0;
			knownRegions = (
				en,
				Base,
			);
			mainGroup = 87C242612330F3B300D402C8;
			productRefGroup = 87C2426B2330F3B300D402C8 /* Products */;
			projectDirPath = "";
			projectRoot = "";
			targets = (
				87C242692330F3B300D402C8 /* tut2 */,
				87C2427D2330F3B500D402C8 /* tut2Tests */,
				87C242882330F3B500D402C8 /* tut2UITests */,
			);
		};
/* End PBXProject section */

/* Begin PBXResourcesBuildPhase section */
		87C242682330F3B300D402C8 /* Resources */ = {
			isa = PBXResourcesBuildPhase;
			buildActionMask = 2147483647;
			files = (
				76D3FDB2236A90F2009E4E23 /* Data.storyboard in Resources */,
				87C242782330F3B500D402C8 /* LaunchScreen.storyboard in Resources */,
				87C242752330F3B500D402C8 /* Assets.xcassets in Resources */,
				76D3FDB4236A9417009E4E23 /* Scanner.storyboard in Resources */,
				87C242732330F3B300D402C8 /* Main.storyboard in Resources */,
			);
			runOnlyForDeploymentPostprocessing = 0;
		};
		87C2427C2330F3B500D402C8 /* Resources */ = {
			isa = PBXResourcesBuildPhase;
			buildActionMask = 2147483647;
			files = (
			);
			runOnlyForDeploymentPostprocessing = 0;
		};
		87C242872330F3B500D402C8 /* Resources */ = {
			isa = PBXResourcesBuildPhase;
			buildActionMask = 2147483647;
			files = (
			);
			runOnlyForDeploymentPostprocessing = 0;
		};
/* End PBXResourcesBuildPhase section */

/* Begin PBXSourcesBuildPhase section */
		87C242662330F3B300D402C8 /* Sources */ = {
			isa = PBXSourcesBuildPhase;
			buildActionMask = 2147483647;
			files = (
				76F2270423681BB7000D3A26 /* CamaraView.swift in Sources */,
				76D3FDAD236864CA009E4E23 /* WebView.swift in Sources */,
				87C242702330F3B300D402C8 /* ViewController.swift in Sources */,
				87C2426E2330F3B300D402C8 /* AppDelegate.swift in Sources */,
			);
			runOnlyForDeploymentPostprocessing = 0;
		};
		87C2427A2330F3B500D402C8 /* Sources */ = {
			isa = PBXSourcesBuildPhase;
			buildActionMask = 2147483647;
			files = (
				87C242832330F3B500D402C8 /* tut2Tests.swift in Sources */,
			);
			runOnlyForDeploymentPostprocessing = 0;
		};
		87C242852330F3B500D402C8 /* Sources */ = {
			isa = PBXSourcesBuildPhase;
			buildActionMask = 2147483647;
			files = (
				87C2428E2330F3B500D402C8 /* tut2UITests.swift in Sources */,
			);
			runOnlyForDeploymentPostprocessing = 0;
		};
/* End PBXSourcesBuildPhase section */

/* Begin PBXTargetDependency section */
		87C242802330F3B500D402C8 /* PBXTargetDependency */ = {
			isa = PBXTargetDependency;
			target = 87C242692330F3B300D402C8 /* tut2 */;
			targetProxy = 87C2427F2330F3B500D402C8 /* PBXContainerItemProxy */;
		};
		87C2428B2330F3B500D402C8 /* PBXTargetDependency */ = {
			isa = PBXTargetDependency;
			target = 87C242692330F3B300D402C8 /* tut2 */;
			targetProxy = 87C2428A2330F3B500D402C8 /* PBXContainerItemProxy */;
		};
/* End PBXTargetDependency section */

/* Begin PBXVariantGroup section */
		87C242712330F3B300D402C8 /* Main.storyboard */ = {
			isa = PBXVariantGroup;
			children = (
				87C242722330F3B300D402C8 /* Base */,
			);
			name = Main.storyboard;
			sourceTree = "<group>";
		};
		87C242762330F3B500D402C8 /* LaunchScreen.storyboard */ = {
			isa = PBXVariantGroup;
			children = (
				87C242772330F3B500D402C8 /* Base */,
			);
			name = LaunchScreen.storyboard;
			sourceTree = "<group>";
		};
/* End PBXVariantGroup section */

/* Begin XCBuildConfiguration section */
		87C242902330F3B500D402C8 /* Debug */ = {
			isa = XCBuildConfiguration;
			buildSettings = {
				ALWAYS_SEARCH_USER_PATHS = NO;
				CLANG_ANALYZER_NONNULL = YES;
				CLANG_ANALYZER_NUMBER_OBJECT_CONVERSION = YES_AGGRESSIVE;
				CLANG_CXX_LANGUAGE_STANDARD = "gnu++14";
				CLANG_CXX_LIBRARY = "libc++";
				CLANG_ENABLE_MODULES = YES;
				CLANG_ENABLE_OBJC_ARC = YES;
				CLANG_ENABLE_OBJC_WEAK = YES;
				CLANG_WARN_BLOCK_CAPTURE_AUTORELEASING = YES;
				CLANG_WARN_BOOL_CONVERSION = YES;
				CLANG_WARN_COMMA = YES;
				CLANG_WARN_CONSTANT_CONVERSION = YES;
				CLANG_WARN_DEPRECATED_OBJC_IMPLEMENTATIONS = YES;
				CLANG_WARN_DIRECT_OBJC_ISA_USAGE = YES_ERROR;
				CLANG_WARN_DOCUMENTATION_COMMENTS = YES;
				CLANG_WARN_EMPTY_BODY = YES;
				CLANG_WARN_ENUM_CONVERSION = YES;
				CLANG_WARN_INFINITE_RECURSION = YES;
				CLANG_WARN_INT_CONVERSION = YES;
				CLANG_WARN_NON_LITERAL_NULL_CONVERSION = YES;
				CLANG_WARN_OBJC_IMPLICIT_RETAIN_SELF = YES;
				CLANG_WARN_OBJC_LITERAL_CONVERSION = YES;
				CLANG_WARN_OBJC_ROOT_CLASS = YES_ERROR;
				CLANG_WARN_RANGE_LOOP_ANALYSIS = YES;
				CLANG_WARN_STRICT_PROTOTYPES = YES;
				CLANG_WARN_SUSPICIOUS_MOVE = YES;
				CLANG_WARN_UNGUARDED_AVAILABILITY = YES_AGGRESSIVE;
				CLANG_WARN_UNREACHABLE_CODE = YES;
				CLANG_WARN__DUPLICATE_METHOD_MATCH = YES;
				CODE_SIGN_IDENTITY = "iPhone Developer";
				COPY_PHASE_STRIP = NO;
				DEBUG_INFORMATION_FORMAT = dwarf;
				ENABLE_STRICT_OBJC_MSGSEND = YES;
				ENABLE_TESTABILITY = YES;
				GCC_C_LANGUAGE_STANDARD = gnu11;
				GCC_DYNAMIC_NO_PIC = NO;
				GCC_NO_COMMON_BLOCKS = YES;
				GCC_OPTIMIZATION_LEVEL = 0;
				GCC_PREPROCESSOR_DEFINITIONS = (
					"DEBUG=1",
					"$(inherited)",
				);
				GCC_WARN_64_TO_32_BIT_CONVERSION = YES;
				GCC_WARN_ABOUT_RETURN_TYPE = YES_ERROR;
				GCC_WARN_UNDECLARED_SELECTOR = YES;
				GCC_WARN_UNINITIALIZED_AUTOS = YES_AGGRESSIVE;
				GCC_WARN_UNUSED_FUNCTION = YES;
				GCC_WARN_UNUSED_VARIABLE = YES;
				IPHONEOS_DEPLOYMENT_TARGET = 12.4;
				MTL_ENABLE_DEBUG_INFO = INCLUDE_SOURCE;
				MTL_FAST_MATH = YES;
				ONLY_ACTIVE_ARCH = YES;
				SDKROOT = iphoneos;
				SWIFT_ACTIVE_COMPILATION_CONDITIONS = DEBUG;
				SWIFT_OPTIMIZATION_LEVEL = "-Onone";
			};
			name = Debug;
		};
		87C242912330F3B500D402C8 /* Release */ = {
			isa = XCBuildConfiguration;
			buildSettings = {
				ALWAYS_SEARCH_USER_PATHS = NO;
				CLANG_ANALYZER_NONNULL = YES;
				CLANG_ANALYZER_NUMBER_OBJECT_CONVERSION = YES_AGGRESSIVE;
				CLANG_CXX_LANGUAGE_STANDARD = "gnu++14";
				CLANG_CXX_LIBRARY = "libc++";
				CLANG_ENABLE_MODULES = YES;
				CLANG_ENABLE_OBJC_ARC = YES;
				CLANG_ENABLE_OBJC_WEAK = YES;
				CLANG_WARN_BLOCK_CAPTURE_AUTORELEASING = YES;
				CLANG_WARN_BOOL_CONVERSION = YES;
				CLANG_WARN_COMMA = YES;
				CLANG_WARN_CONSTANT_CONVERSION = YES;
				CLANG_WARN_DEPRECATED_OBJC_IMPLEMENTATIONS = YES;
				CLANG_WARN_DIRECT_OBJC_ISA_USAGE = YES_ERROR;
				CLANG_WARN_DOCUMENTATION_COMMENTS = YES;
				CLANG_WARN_EMPTY_BODY = YES;
				CLANG_WARN_ENUM_CONVERSION = YES;
				CLANG_WARN_INFINITE_RECURSION = YES;
				CLANG_WARN_INT_CONVERSION = YES;
				CLANG_WARN_NON_LITERAL_NULL_CONVERSION = YES;
				CLANG_WARN_OBJC_IMPLICIT_RETAIN_SELF = YES;
				CLANG_WARN_OBJC_LITERAL_CONVERSION = YES;
				CLANG_WARN_OBJC_ROOT_CLASS = YES_ERROR;
				CLANG_WARN_RANGE_LOOP_ANALYSIS = YES;
				CLANG_WARN_STRICT_PROTOTYPES = YES;
				CLANG_WARN_SUSPICIOUS_MOVE = YES;
				CLANG_WARN_UNGUARDED_AVAILABILITY = YES_AGGRESSIVE;
				CLANG_WARN_UNREACHABLE_CODE = YES;
				CLANG_WARN__DUPLICATE_METHOD_MATCH = YES;
				CODE_SIGN_IDENTITY = "iPhone Developer";
				COPY_PHASE_STRIP = NO;
				DEBUG_INFORMATION_FORMAT = "dwarf-with-dsym";
				ENABLE_NS_ASSERTIONS = NO;
				ENABLE_STRICT_OBJC_MSGSEND = YES;
				GCC_C_LANGUAGE_STANDARD = gnu11;
				GCC_NO_COMMON_BLOCKS = YES;
				GCC_WARN_64_TO_32_BIT_CONVERSION = YES;
				GCC_WARN_ABOUT_RETURN_TYPE = YES_ERROR;
				GCC_WARN_UNDECLARED_SELECTOR = YES;
				GCC_WARN_UNINITIALIZED_AUTOS = YES_AGGRESSIVE;
				GCC_WARN_UNUSED_FUNCTION = YES;
				GCC_WARN_UNUSED_VARIABLE = YES;
				IPHONEOS_DEPLOYMENT_TARGET = 12.4;
				MTL_ENABLE_DEBUG_INFO = NO;
				MTL_FAST_MATH = YES;
				SDKROOT = iphoneos;
				SWIFT_COMPILATION_MODE = wholemodule;
				SWIFT_OPTIMIZATION_LEVEL = "-O";
				VALIDATE_PRODUCT = YES;
			};
			name = Release;
		};
		87C242932330F3B500D402C8 /* Debug */ = {
			isa = XCBuildConfiguration;
			buildSettings = {
				ASSETCATALOG_COMPILER_APPICON_NAME = AppIcon;
				CODE_SIGN_STYLE = Automatic;
				DEVELOPMENT_TEAM = VNH637GYAB;
				INFOPLIST_FILE = tut2/Info.plist;
				LD_RUNPATH_SEARCH_PATHS = (
					"$(inherited)",
					"@executable_path/Frameworks",
				);
				PRODUCT_BUNDLE_IDENTIFIER = ymleung.tut2;
				PRODUCT_NAME = "$(TARGET_NAME)";
				SWIFT_VERSION = 5.0;
				TARGETED_DEVICE_FAMILY = "1,2";
			};
			name = Debug;
		};
		87C242942330F3B500D402C8 /* Release */ = {
			isa = XCBuildConfiguration;
			buildSettings = {
				ASSETCATALOG_COMPILER_APPICON_NAME = AppIcon;
				CODE_SIGN_STYLE = Automatic;
				DEVELOPMENT_TEAM = VNH637GYAB;
				INFOPLIST_FILE = tut2/Info.plist;
				LD_RUNPATH_SEARCH_PATHS = (
					"$(inherited)",
					"@executable_path/Frameworks",
				);
				PRODUCT_BUNDLE_IDENTIFIER = ymleung.tut2;
				PRODUCT_NAME = "$(TARGET_NAME)";
				SWIFT_VERSION = 5.0;
				TARGETED_DEVICE_FAMILY = "1,2";
			};
			name = Release;
		};
		87C242962330F3B500D402C8 /* Debug */ = {
			isa = XCBuildConfiguration;
			buildSettings = {
				ALWAYS_EMBED_SWIFT_STANDARD_LIBRARIES = YES;
				BUNDLE_LOADER = "$(TEST_HOST)";
				CODE_SIGN_STYLE = Automatic;
				INFOPLIST_FILE = tut2Tests/Info.plist;
				LD_RUNPATH_SEARCH_PATHS = (
					"$(inherited)",
					"@executable_path/Frameworks",
					"@loader_path/Frameworks",
				);
				PRODUCT_BUNDLE_IDENTIFIER = ymleung.tut2Tests;
				PRODUCT_NAME = "$(TARGET_NAME)";
				SWIFT_VERSION = 5.0;
				TARGETED_DEVICE_FAMILY = "1,2";
				TEST_HOST = "$(BUILT_PRODUCTS_DIR)/tut2.app/tut2";
			};
			name = Debug;
		};
		87C242972330F3B500D402C8 /* Release */ = {
			isa = XCBuildConfiguration;
			buildSettings = {
				ALWAYS_EMBED_SWIFT_STANDARD_LIBRARIES = YES;
				BUNDLE_LOADER = "$(TEST_HOST)";
				CODE_SIGN_STYLE = Automatic;
				INFOPLIST_FILE = tut2Tests/Info.plist;
				LD_RUNPATH_SEARCH_PATHS = (
					"$(inherited)",
					"@executable_path/Frameworks",
					"@loader_path/Frameworks",
				);
				PRODUCT_BUNDLE_IDENTIFIER = ymleung.tut2Tests;
				PRODUCT_NAME = "$(TARGET_NAME)";
				SWIFT_VERSION = 5.0;
				TARGETED_DEVICE_FAMILY = "1,2";
				TEST_HOST = "$(BUILT_PRODUCTS_DIR)/tut2.app/tut2";
			};
			name = Release;
		};
		87C242992330F3B500D402C8 /* Debug */ = {
			isa = XCBuildConfiguration;
			buildSettings = {
				ALWAYS_EMBED_SWIFT_STANDARD_LIBRARIES = YES;
				CODE_SIGN_STYLE = Automatic;
				INFOPLIST_FILE = tut2UITests/Info.plist;
				LD_RUNPATH_SEARCH_PATHS = (
					"$(inherited)",
					"@executable_path/Frameworks",
					"@loader_path/Frameworks",
				);
				PRODUCT_BUNDLE_IDENTIFIER = ymleung.tut2UITests;
				PRODUCT_NAME = "$(TARGET_NAME)";
				SWIFT_VERSION = 5.0;
				TARGETED_DEVICE_FAMILY = "1,2";
				TEST_TARGET_NAME = tut2;
			};
			name = Debug;
		};
		87C2429A2330F3B500D402C8 /* Release */ = {
			isa = XCBuildConfiguration;
			buildSettings = {
				ALWAYS_EMBED_SWIFT_STANDARD_LIBRARIES = YES;
				CODE_SIGN_STYLE = Automatic;
				INFOPLIST_FILE = tut2UITests/Info.plist;
				LD_RUNPATH_SEARCH_PATHS = (
					"$(inherited)",
					"@executable_path/Frameworks",
					"@loader_path/Frameworks",
				);
				PRODUCT_BUNDLE_IDENTIFIER = ymleung.tut2UITests;
				PRODUCT_NAME = "$(TARGET_NAME)";
				SWIFT_VERSION = 5.0;
				TARGETED_DEVICE_FAMILY = "1,2";
				TEST_TARGET_NAME = tut2;
			};
			name = Release;
		};
/* End XCBuildConfiguration section */

/* Begin XCConfigurationList section */
		87C242652330F3B300D402C8 /* Build configuration list for PBXProject "tut2" */ = {
			isa = XCConfigurationList;
			buildConfigurations = (
				87C242902330F3B500D402C8 /* Debug */,
				87C242912330F3B500D402C8 /* Release */,
			);
			defaultConfigurationIsVisible = 0;
			defaultConfigurationName = Release;
		};
		87C242922330F3B500D402C8 /* Build configuration list for PBXNativeTarget "tut2" */ = {
			isa = XCConfigurationList;
			buildConfigurations = (
				87C242932330F3B500D402C8 /* Debug */,
				87C242942330F3B500D402C8 /* Release */,
			);
			defaultConfigurationIsVisible = 0;
			defaultConfigurationName = Release;
		};
		87C242952330F3B500D402C8 /* Build configuration list for PBXNativeTarget "tut2Tests" */ = {
			isa = XCConfigurationList;
			buildConfigurations = (
				87C242962330F3B500D402C8 /* Debug */,
				87C242972330F3B500D402C8 /* Release */,
			);
			defaultConfigurationIsVisible = 0;
			defaultConfigurationName = Release;
		};
		87C242982330F3B500D402C8 /* Build configuration list for PBXNativeTarget "tut2UITests" */ = {
			isa = XCConfigurationList;
			buildConfigurations = (
				87C242992330F3B500D402C8 /* Debug */,
				87C2429A2330F3B500D402C8 /* Release */,
			);
			defaultConfigurationIsVisible = 0;
			defaultConfigurationName = Release;
		};
/* End XCConfigurationList section */
	};
	rootObject = 87C242622330F3B300D402C8 /* Project object */;
}
